
Microsoft Visual Studio Solution File, Format Version 12.00
# Visual Studio Version 17
VisualStudioVersion = 17.9.34728.123
MinimumVisualStudioVersion = 10.0.40219.1
Project("{FAE04EC0-301F-11D3-BF4B-00C04F79EFBC}") = "ThreadingØvelser", "ThreadingØvelser\ThreadingØvelser.csproj", "{605EB124-FF28-4318-98BE-90BCC2719575}"
EndProject
Global
	GlobalSection(SolutionConfigurationPlatforms) = preSolution
		Debug|Any CPU = Debug|Any CPU
		Release|Any CPU = Release|Any CPU
	EndGlobalSection
	GlobalSection(ProjectConfigurationPlatforms) = postSolution
		{605EB124-FF28-4318-98BE-90BCC2719575}.Debug|Any CPU.ActiveCfg = Debug|Any CPU
		{605EB124-FF28-4318-98BE-90BCC2719575}.Debug|Any CPU.Build.0 = Debug|Any CPU
		{605EB124-FF28-4318-98BE-90BCC2719575}.Release|Any CPU.ActiveCfg = Release|Any CPU
		{605EB124-FF28-4318-98BE-90BCC2719575}.Release|Any CPU.Build.0 = Release|Any CPU
	EndGlobalSection
	GlobalSection(SolutionProperties) = preSolution
		HideSolutionNode = FALSE
	EndGlobalSection
	GlobalSection(ExtensibilityGlobals) = postSolution
		SolutionGuid = {14683521-0835-4A78-82B4-1B4A6CFEA7B6}
	EndGlobalSection
EndGlobal
