
Microsoft Visual Studio Solution File, Format Version 12.00
# Visual Studio Version 17
VisualStudioVersion = 17.9.34728.123
MinimumVisualStudioVersion = 10.0.40219.1
Project("{FAE04EC0-301F-11D3-BF4B-00C04F79EFBC}") = "Banker", "Banker\Banker.csproj", "{65B84515-287C-497F-BC51-218B3FEBC6F0}"
EndProject
Global
	GlobalSection(SolutionConfigurationPlatforms) = preSolution
		Debug|Any CPU = Debug|Any CPU
		Release|Any CPU = Release|Any CPU
	EndGlobalSection
	GlobalSection(ProjectConfigurationPlatforms) = postSolution
		{65B84515-287C-497F-BC51-218B3FEBC6F0}.Debug|Any CPU.ActiveCfg = Debug|Any CPU
		{65B84515-287C-497F-BC51-218B3FEBC6F0}.Debug|Any CPU.Build.0 = Debug|Any CPU
		{65B84515-287C-497F-BC51-218B3FEBC6F0}.Release|Any CPU.ActiveCfg = Release|Any CPU
		{65B84515-287C-497F-BC51-218B3FEBC6F0}.Release|Any CPU.Build.0 = Release|Any CPU
	EndGlobalSection
	GlobalSection(SolutionProperties) = preSolution
		HideSolutionNode = FALSE
	EndGlobalSection
	GlobalSection(ExtensibilityGlobals) = postSolution
		SolutionGuid = {BAFD9559-F391-4027-9E18-79DFA43AAD9F}
	EndGlobalSection
EndGlobal
