
Microsoft Visual Studio Solution File, Format Version 12.00
# Visual Studio Version 17
VisualStudioVersion = 17.4.33213.308
MinimumVisualStudioVersion = 10.0.40219.1
Project("{FAE04EC0-301F-11D3-BF4B-00C04F79EFBC}") = "BirdsFlyingAroundApp", "BirdsFlyingAroundApp\BirdsFlyingAroundApp.csproj", "{B052324D-AD21-4CEA-8DF9-EC410BB3FFD6}"
EndProject
Global
	GlobalSection(SolutionConfigurationPlatforms) = preSolution
		Debug|Any CPU = Debug|Any CPU
		Release|Any CPU = Release|Any CPU
	EndGlobalSection
	GlobalSection(ProjectConfigurationPlatforms) = postSolution
		{B052324D-AD21-4CEA-8DF9-EC410BB3FFD6}.Debug|Any CPU.ActiveCfg = Debug|Any CPU
		{B052324D-AD21-4CEA-8DF9-EC410BB3FFD6}.Debug|Any CPU.Build.0 = Debug|Any CPU
		{B052324D-AD21-4CEA-8DF9-EC410BB3FFD6}.Release|Any CPU.ActiveCfg = Release|Any CPU
		{B052324D-AD21-4CEA-8DF9-EC410BB3FFD6}.Release|Any CPU.Build.0 = Release|Any CPU
	EndGlobalSection
	GlobalSection(SolutionProperties) = preSolution
		HideSolutionNode = FALSE
	EndGlobalSection
	GlobalSection(ExtensibilityGlobals) = postSolution
		SolutionGuid = {BD0AAEE3-3B50-4DBC-B5B3-4E4BBA3BF999}
	EndGlobalSection
EndGlobal
