
Microsoft Visual Studio Solution File, Format Version 12.00
# Visual Studio Version 17
VisualStudioVersion = 17.9.34728.123
MinimumVisualStudioVersion = 10.0.40219.1
Project("{FAE04EC0-301F-11D3-BF4B-00C04F79EFBC}") = "Threading", "Threading\Threading.csproj", "{B5CB9D0F-6E57-43BC-A88E-D878448626F7}"
EndProject
Global
	GlobalSection(SolutionConfigurationPlatforms) = preSolution
		Debug|Any CPU = Debug|Any CPU
		Release|Any CPU = Release|Any CPU
	EndGlobalSection
	GlobalSection(ProjectConfigurationPlatforms) = postSolution
		{B5CB9D0F-6E57-43BC-A88E-D878448626F7}.Debug|Any CPU.ActiveCfg = Debug|Any CPU
		{B5CB9D0F-6E57-43BC-A88E-D878448626F7}.Debug|Any CPU.Build.0 = Debug|Any CPU
		{B5CB9D0F-6E57-43BC-A88E-D878448626F7}.Release|Any CPU.ActiveCfg = Release|Any CPU
		{B5CB9D0F-6E57-43BC-A88E-D878448626F7}.Release|Any CPU.Build.0 = Release|Any CPU
	EndGlobalSection
	GlobalSection(SolutionProperties) = preSolution
		HideSolutionNode = FALSE
	EndGlobalSection
	GlobalSection(ExtensibilityGlobals) = postSolution
		SolutionGuid = {1547DC6A-C60B-46DE-BDDA-63980FE720D2}
	EndGlobalSection
EndGlobal
